
Microsoft Visual Studio Solution File, Format Version 11.00
# Visual Studio 2010
Project("{FAE04EC0-301F-11D3-BF4B-00C04F79EFBC}") = "XmlCsvReader", "XmlCsvReader\XmlCsvReader.csproj", "{B005ADD8-339E-4CBF-AA47-F82652A9ED15}"
EndProject
Project("{FAE04EC0-301F-11D3-BF4B-00C04F79EFBC}") = "Reader", "..\Reader\Reader\Reader.csproj", "{31B82C2F-6EC3-42F8-BD33-BE7D2A2636C8}"
EndProject
Project("{FAE04EC0-301F-11D3-BF4B-00C04F79EFBC}") = "XmlCsvReaderTest", "XmlCsvReaderTest\XmlCsvReaderTest.csproj", "{493321E5-0940-4B1E-975E-8EF01D48C954}"
EndProject
Project("{2150E333-8FDC-42A3-9474-1A3956D46DE8}") = "Solution Items", "Solution Items", "{09D3C8C6-C6AA-4D45-ACD8-E80757AE7A29}"
	ProjectSection(SolutionItems) = preProject
		Local.testsettings = Local.testsettings
		TraceAndTestImpact.testsettings = TraceAndTestImpact.testsettings
		XmlCsvReader.vsmdi = XmlCsvReader.vsmdi
	EndProjectSection
EndProject
Global
	GlobalSection(TestCaseManagementSettings) = postSolution
		CategoryFile = XmlCsvReader.vsmdi
	EndGlobalSection
	GlobalSection(SolutionConfigurationPlatforms) = preSolution
		Debug|Any CPU = Debug|Any CPU
		Debug|Mixed Platforms = Debug|Mixed Platforms
		Debug|x86 = Debug|x86
		Release|Any CPU = Release|Any CPU
		Release|Mixed Platforms = Release|Mixed Platforms
		Release|x86 = Release|x86
	EndGlobalSection
	GlobalSection(ProjectConfigurationPlatforms) = postSolution
		{B005ADD8-339E-4CBF-AA47-F82652A9ED15}.Debug|Any CPU.ActiveCfg = Debug|Any CPU
		{B005ADD8-339E-4CBF-AA47-F82652A9ED15}.Debug|Any CPU.Build.0 = Debug|Any CPU
		{B005ADD8-339E-4CBF-AA47-F82652A9ED15}.Debug|Mixed Platforms.ActiveCfg = Debug|Any CPU
		{B005ADD8-339E-4CBF-AA47-F82652A9ED15}.Debug|Mixed Platforms.Build.0 = Debug|Any CPU
		{B005ADD8-339E-4CBF-AA47-F82652A9ED15}.Debug|x86.ActiveCfg = Debug|Any CPU
		{B005ADD8-339E-4CBF-AA47-F82652A9ED15}.Release|Any CPU.ActiveCfg = Release|Any CPU
		{B005ADD8-339E-4CBF-AA47-F82652A9ED15}.Release|Any CPU.Build.0 = Release|Any CPU
		{B005ADD8-339E-4CBF-AA47-F82652A9ED15}.Release|Mixed Platforms.ActiveCfg = Release|Any CPU
		{B005ADD8-339E-4CBF-AA47-F82652A9ED15}.Release|Mixed Platforms.Build.0 = Release|Any CPU
		{B005ADD8-339E-4CBF-AA47-F82652A9ED15}.Release|x86.ActiveCfg = Release|Any CPU
		{31B82C2F-6EC3-42F8-BD33-BE7D2A2636C8}.Debug|Any CPU.ActiveCfg = Debug|x86
		{31B82C2F-6EC3-42F8-BD33-BE7D2A2636C8}.Debug|Mixed Platforms.ActiveCfg = Debug|x86
		{31B82C2F-6EC3-42F8-BD33-BE7D2A2636C8}.Debug|Mixed Platforms.Build.0 = Debug|x86
		{31B82C2F-6EC3-42F8-BD33-BE7D2A2636C8}.Debug|x86.ActiveCfg = Debug|x86
		{31B82C2F-6EC3-42F8-BD33-BE7D2A2636C8}.Debug|x86.Build.0 = Debug|x86
		{31B82C2F-6EC3-42F8-BD33-BE7D2A2636C8}.Release|Any CPU.ActiveCfg = Release|x86
		{31B82C2F-6EC3-42F8-BD33-BE7D2A2636C8}.Release|Mixed Platforms.ActiveCfg = Release|x86
		{31B82C2F-6EC3-42F8-BD33-BE7D2A2636C8}.Release|Mixed Platforms.Build.0 = Release|x86
		{31B82C2F-6EC3-42F8-BD33-BE7D2A2636C8}.Release|x86.ActiveCfg = Release|x86
		{31B82C2F-6EC3-42F8-BD33-BE7D2A2636C8}.Release|x86.Build.0 = Release|x86
		{493321E5-0940-4B1E-975E-8EF01D48C954}.Debug|Any CPU.ActiveCfg = Debug|Any CPU
		{493321E5-0940-4B1E-975E-8EF01D48C954}.Debug|Any CPU.Build.0 = Debug|Any CPU
		{493321E5-0940-4B1E-975E-8EF01D48C954}.Debug|Mixed Platforms.ActiveCfg = Debug|Any CPU
		{493321E5-0940-4B1E-975E-8EF01D48C954}.Debug|Mixed Platforms.Build.0 = Debug|Any CPU
		{493321E5-0940-4B1E-975E-8EF01D48C954}.Debug|x86.ActiveCfg = Debug|Any CPU
		{493321E5-0940-4B1E-975E-8EF01D48C954}.Release|Any CPU.ActiveCfg = Release|Any CPU
		{493321E5-0940-4B1E-975E-8EF01D48C954}.Release|Any CPU.Build.0 = Release|Any CPU
		{493321E5-0940-4B1E-975E-8EF01D48C954}.Release|Mixed Platforms.ActiveCfg = Release|Any CPU
		{493321E5-0940-4B1E-975E-8EF01D48C954}.Release|Mixed Platforms.Build.0 = Release|Any CPU
		{493321E5-0940-4B1E-975E-8EF01D48C954}.Release|x86.ActiveCfg = Release|Any CPU
	EndGlobalSection
	GlobalSection(SolutionProperties) = preSolution
		HideSolutionNode = FALSE
	EndGlobalSection
EndGlobal
