
Microsoft Visual Studio Solution File, Format Version 12.00
# Visual Studio 2012
Project("{FAE04EC0-301F-11D3-BF4B-00C04F79EFBC}") = "WindowsExports", "WindowsExports\WindowsExports.csproj", "{A115929C-1983-41F5-A2A7-148DCB58481F}"
EndProject
Project("{FAE04EC0-301F-11D3-BF4B-00C04F79EFBC}") = "WindowsExports.Tests", "WindowsExports.Tests\WindowsExports.Tests.csproj", "{07B4CFF2-51BB-496D-A488-8B3438CA4EB2}"
EndProject
Global
	GlobalSection(SolutionConfigurationPlatforms) = preSolution
		Debug|Any CPU = Debug|Any CPU
		Release|Any CPU = Release|Any CPU
	EndGlobalSection
	GlobalSection(ProjectConfigurationPlatforms) = postSolution
		{A115929C-1983-41F5-A2A7-148DCB58481F}.Debug|Any CPU.ActiveCfg = Debug|Any CPU
		{A115929C-1983-41F5-A2A7-148DCB58481F}.Debug|Any CPU.Build.0 = Debug|Any CPU
		{A115929C-1983-41F5-A2A7-148DCB58481F}.Release|Any CPU.ActiveCfg = Release|Any CPU
		{A115929C-1983-41F5-A2A7-148DCB58481F}.Release|Any CPU.Build.0 = Release|Any CPU
		{07B4CFF2-51BB-496D-A488-8B3438CA4EB2}.Debug|Any CPU.ActiveCfg = Debug|Any CPU
		{07B4CFF2-51BB-496D-A488-8B3438CA4EB2}.Debug|Any CPU.Build.0 = Debug|Any CPU
		{07B4CFF2-51BB-496D-A488-8B3438CA4EB2}.Release|Any CPU.ActiveCfg = Release|Any CPU
		{07B4CFF2-51BB-496D-A488-8B3438CA4EB2}.Release|Any CPU.Build.0 = Release|Any CPU
	EndGlobalSection
	GlobalSection(SolutionProperties) = preSolution
		HideSolutionNode = FALSE
	EndGlobalSection
EndGlobal
