
Microsoft Visual Studio Solution File, Format Version 12.00
# Visual Studio 2012
Project("{FAE04EC0-301F-11D3-BF4B-00C04F79EFBC}") = "Clusterer", "Clusterer\Clusterer.csproj", "{871238C6-5114-4F94-BF54-7DCB8A47C981}"
EndProject
Project("{FAE04EC0-301F-11D3-BF4B-00C04F79EFBC}") = "ClustererTest", "ClustererTest\ClustererTest.csproj", "{EE27AEE0-81D8-4702-8F44-B26070F384E9}"
EndProject
Global
	GlobalSection(SolutionConfigurationPlatforms) = preSolution
		Debug|Any CPU = Debug|Any CPU
		Release|Any CPU = Release|Any CPU
	EndGlobalSection
	GlobalSection(ProjectConfigurationPlatforms) = postSolution
		{871238C6-5114-4F94-BF54-7DCB8A47C981}.Debug|Any CPU.ActiveCfg = Debug|Any CPU
		{871238C6-5114-4F94-BF54-7DCB8A47C981}.Debug|Any CPU.Build.0 = Debug|Any CPU
		{871238C6-5114-4F94-BF54-7DCB8A47C981}.Release|Any CPU.ActiveCfg = Release|Any CPU
		{871238C6-5114-4F94-BF54-7DCB8A47C981}.Release|Any CPU.Build.0 = Release|Any CPU
		{EE27AEE0-81D8-4702-8F44-B26070F384E9}.Debug|Any CPU.ActiveCfg = Debug|Any CPU
		{EE27AEE0-81D8-4702-8F44-B26070F384E9}.Debug|Any CPU.Build.0 = Debug|Any CPU
		{EE27AEE0-81D8-4702-8F44-B26070F384E9}.Release|Any CPU.ActiveCfg = Release|Any CPU
		{EE27AEE0-81D8-4702-8F44-B26070F384E9}.Release|Any CPU.Build.0 = Release|Any CPU
	EndGlobalSection
	GlobalSection(SolutionProperties) = preSolution
		HideSolutionNode = FALSE
	EndGlobalSection
EndGlobal
