
Microsoft Visual Studio Solution File, Format Version 11.00
# Visual Studio 2010
Project("{FAE04EC0-301F-11D3-BF4B-00C04F79EFBC}") = "WordAddInIndexer", "WordAddInIndexer.csproj", "{D26D4F4D-B9A2-4063-B023-18602B8984CC}"
EndProject
Global
	GlobalSection(SolutionConfigurationPlatforms) = preSolution
		Debug|Any CPU = Debug|Any CPU
		Release|Any CPU = Release|Any CPU
	EndGlobalSection
	GlobalSection(ProjectConfigurationPlatforms) = postSolution
		{D26D4F4D-B9A2-4063-B023-18602B8984CC}.Debug|Any CPU.ActiveCfg = Debug|Any CPU
		{D26D4F4D-B9A2-4063-B023-18602B8984CC}.Debug|Any CPU.Build.0 = Debug|Any CPU
		{D26D4F4D-B9A2-4063-B023-18602B8984CC}.Release|Any CPU.ActiveCfg = Release|Any CPU
		{D26D4F4D-B9A2-4063-B023-18602B8984CC}.Release|Any CPU.Build.0 = Release|Any CPU
	EndGlobalSection
	GlobalSection(SolutionProperties) = preSolution
		HideSolutionNode = FALSE
	EndGlobalSection
EndGlobal
