
Microsoft Visual Studio Solution File, Format Version 12.00
# Visual Studio 2012
Project("{FAE04EC0-301F-11D3-BF4B-00C04F79EFBC}") = "QueueProcessor", "QueueProcessor\QueueProcessor.csproj", "{6801C3F7-AE5A-484B-BA0B-36768D26E73E}"
EndProject
Project("{FAE04EC0-301F-11D3-BF4B-00C04F79EFBC}") = "SplunkSDK", "splunk-sdk-csharp-master\SplunkSDK\SplunkSDK.csproj", "{CA4151A1-3EF9-461D-9E03-34627273150D}"
EndProject
Project("{FAE04EC0-301F-11D3-BF4B-00C04F79EFBC}") = "SplunkSDKHelper", "splunk-sdk-csharp-master\SplunkSDKHelper\SplunkSDKHelper.csproj", "{4135F018-6041-4269-A76F-B6AAF87E260D}"
EndProject
Project("{FAE04EC0-301F-11D3-BF4B-00C04F79EFBC}") = "UnitTests", "splunk-sdk-csharp-master\UnitTests\UnitTests.csproj", "{BDC54072-754F-4709-92E7-2A4ED502CC68}"
EndProject
Global
	GlobalSection(SolutionConfigurationPlatforms) = preSolution
		Debug|Any CPU = Debug|Any CPU
		Debug|Mixed Platforms = Debug|Mixed Platforms
		Debug|x86 = Debug|x86
		Release|Any CPU = Release|Any CPU
		Release|Mixed Platforms = Release|Mixed Platforms
		Release|x86 = Release|x86
	EndGlobalSection
	GlobalSection(ProjectConfigurationPlatforms) = postSolution
		{6801C3F7-AE5A-484B-BA0B-36768D26E73E}.Debug|Any CPU.ActiveCfg = Debug|x86
		{6801C3F7-AE5A-484B-BA0B-36768D26E73E}.Debug|Mixed Platforms.ActiveCfg = Debug|x86
		{6801C3F7-AE5A-484B-BA0B-36768D26E73E}.Debug|Mixed Platforms.Build.0 = Debug|x86
		{6801C3F7-AE5A-484B-BA0B-36768D26E73E}.Debug|x86.ActiveCfg = Debug|x86
		{6801C3F7-AE5A-484B-BA0B-36768D26E73E}.Debug|x86.Build.0 = Debug|x86
		{6801C3F7-AE5A-484B-BA0B-36768D26E73E}.Release|Any CPU.ActiveCfg = Release|x86
		{6801C3F7-AE5A-484B-BA0B-36768D26E73E}.Release|Mixed Platforms.ActiveCfg = Release|x86
		{6801C3F7-AE5A-484B-BA0B-36768D26E73E}.Release|Mixed Platforms.Build.0 = Release|x86
		{6801C3F7-AE5A-484B-BA0B-36768D26E73E}.Release|x86.ActiveCfg = Release|x86
		{6801C3F7-AE5A-484B-BA0B-36768D26E73E}.Release|x86.Build.0 = Release|x86
		{CA4151A1-3EF9-461D-9E03-34627273150D}.Debug|Any CPU.ActiveCfg = Debug|Any CPU
		{CA4151A1-3EF9-461D-9E03-34627273150D}.Debug|Any CPU.Build.0 = Debug|Any CPU
		{CA4151A1-3EF9-461D-9E03-34627273150D}.Debug|Mixed Platforms.ActiveCfg = Debug|Any CPU
		{CA4151A1-3EF9-461D-9E03-34627273150D}.Debug|Mixed Platforms.Build.0 = Debug|Any CPU
		{CA4151A1-3EF9-461D-9E03-34627273150D}.Debug|x86.ActiveCfg = Debug|Any CPU
		{CA4151A1-3EF9-461D-9E03-34627273150D}.Release|Any CPU.ActiveCfg = Release|Any CPU
		{CA4151A1-3EF9-461D-9E03-34627273150D}.Release|Any CPU.Build.0 = Release|Any CPU
		{CA4151A1-3EF9-461D-9E03-34627273150D}.Release|Mixed Platforms.ActiveCfg = Release|Any CPU
		{CA4151A1-3EF9-461D-9E03-34627273150D}.Release|Mixed Platforms.Build.0 = Release|Any CPU
		{CA4151A1-3EF9-461D-9E03-34627273150D}.Release|x86.ActiveCfg = Release|Any CPU
		{4135F018-6041-4269-A76F-B6AAF87E260D}.Debug|Any CPU.ActiveCfg = Debug|Any CPU
		{4135F018-6041-4269-A76F-B6AAF87E260D}.Debug|Any CPU.Build.0 = Debug|Any CPU
		{4135F018-6041-4269-A76F-B6AAF87E260D}.Debug|Mixed Platforms.ActiveCfg = Debug|Any CPU
		{4135F018-6041-4269-A76F-B6AAF87E260D}.Debug|Mixed Platforms.Build.0 = Debug|Any CPU
		{4135F018-6041-4269-A76F-B6AAF87E260D}.Debug|x86.ActiveCfg = Debug|Any CPU
		{4135F018-6041-4269-A76F-B6AAF87E260D}.Release|Any CPU.ActiveCfg = Release|Any CPU
		{4135F018-6041-4269-A76F-B6AAF87E260D}.Release|Any CPU.Build.0 = Release|Any CPU
		{4135F018-6041-4269-A76F-B6AAF87E260D}.Release|Mixed Platforms.ActiveCfg = Release|Any CPU
		{4135F018-6041-4269-A76F-B6AAF87E260D}.Release|Mixed Platforms.Build.0 = Release|Any CPU
		{4135F018-6041-4269-A76F-B6AAF87E260D}.Release|x86.ActiveCfg = Release|Any CPU
		{BDC54072-754F-4709-92E7-2A4ED502CC68}.Debug|Any CPU.ActiveCfg = Debug|Any CPU
		{BDC54072-754F-4709-92E7-2A4ED502CC68}.Debug|Any CPU.Build.0 = Debug|Any CPU
		{BDC54072-754F-4709-92E7-2A4ED502CC68}.Debug|Mixed Platforms.ActiveCfg = Debug|Any CPU
		{BDC54072-754F-4709-92E7-2A4ED502CC68}.Debug|Mixed Platforms.Build.0 = Debug|Any CPU
		{BDC54072-754F-4709-92E7-2A4ED502CC68}.Debug|x86.ActiveCfg = Debug|Any CPU
		{BDC54072-754F-4709-92E7-2A4ED502CC68}.Release|Any CPU.ActiveCfg = Release|Any CPU
		{BDC54072-754F-4709-92E7-2A4ED502CC68}.Release|Any CPU.Build.0 = Release|Any CPU
		{BDC54072-754F-4709-92E7-2A4ED502CC68}.Release|Mixed Platforms.ActiveCfg = Release|Any CPU
		{BDC54072-754F-4709-92E7-2A4ED502CC68}.Release|Mixed Platforms.Build.0 = Release|Any CPU
		{BDC54072-754F-4709-92E7-2A4ED502CC68}.Release|x86.ActiveCfg = Release|Any CPU
	EndGlobalSection
	GlobalSection(SolutionProperties) = preSolution
		HideSolutionNode = FALSE
	EndGlobalSection
EndGlobal
