
Microsoft Visual Studio Solution File, Format Version 12.00
# Visual Studio 2012
Project("{FAE04EC0-301F-11D3-BF4B-00C04F79EFBC}") = "SplunkLite.Net", "SplunkLite.Net\SplunkLite.Net.csproj", "{35917409-8DFF-4690-B9A7-EA31E9FDD2BF}"
EndProject
Project("{FAE04EC0-301F-11D3-BF4B-00C04F79EFBC}") = "SplunkLite.Net.Unittest", "SplunkLite.Net.Unittest\SplunkLite.Net.Unittest.csproj", "{5455FB12-4837-4AB7-9C9F-5BC1CFD7BEBF}"
EndProject
Project("{FAE04EC0-301F-11D3-BF4B-00C04F79EFBC}") = "SplunkLite.Net.Rest", "SplunkLite.Net.Rest\SplunkLite.Net.Rest.csproj", "{489912A4-3F08-41BE-9696-788FA587C72D}"
EndProject
Project("{FAE04EC0-301F-11D3-BF4B-00C04F79EFBC}") = "SplunkLite.Net.Rest.Tests", "SplunkLite.Net.Rest.Tests\SplunkLite.Net.Rest.Tests.csproj", "{A0AD0961-CD3C-44FC-ABC5-88C173F2933E}"
EndProject
Global
	GlobalSection(SolutionConfigurationPlatforms) = preSolution
		Debug|Any CPU = Debug|Any CPU
		Release|Any CPU = Release|Any CPU
	EndGlobalSection
	GlobalSection(ProjectConfigurationPlatforms) = postSolution
		{35917409-8DFF-4690-B9A7-EA31E9FDD2BF}.Debug|Any CPU.ActiveCfg = Debug|Any CPU
		{35917409-8DFF-4690-B9A7-EA31E9FDD2BF}.Debug|Any CPU.Build.0 = Debug|Any CPU
		{35917409-8DFF-4690-B9A7-EA31E9FDD2BF}.Release|Any CPU.ActiveCfg = Release|Any CPU
		{35917409-8DFF-4690-B9A7-EA31E9FDD2BF}.Release|Any CPU.Build.0 = Release|Any CPU
		{5455FB12-4837-4AB7-9C9F-5BC1CFD7BEBF}.Debug|Any CPU.ActiveCfg = Debug|Any CPU
		{5455FB12-4837-4AB7-9C9F-5BC1CFD7BEBF}.Debug|Any CPU.Build.0 = Debug|Any CPU
		{5455FB12-4837-4AB7-9C9F-5BC1CFD7BEBF}.Release|Any CPU.ActiveCfg = Release|Any CPU
		{5455FB12-4837-4AB7-9C9F-5BC1CFD7BEBF}.Release|Any CPU.Build.0 = Release|Any CPU
		{489912A4-3F08-41BE-9696-788FA587C72D}.Debug|Any CPU.ActiveCfg = Debug|Any CPU
		{489912A4-3F08-41BE-9696-788FA587C72D}.Debug|Any CPU.Build.0 = Debug|Any CPU
		{489912A4-3F08-41BE-9696-788FA587C72D}.Release|Any CPU.ActiveCfg = Release|Any CPU
		{489912A4-3F08-41BE-9696-788FA587C72D}.Release|Any CPU.Build.0 = Release|Any CPU
		{A0AD0961-CD3C-44FC-ABC5-88C173F2933E}.Debug|Any CPU.ActiveCfg = Debug|Any CPU
		{A0AD0961-CD3C-44FC-ABC5-88C173F2933E}.Debug|Any CPU.Build.0 = Debug|Any CPU
		{A0AD0961-CD3C-44FC-ABC5-88C173F2933E}.Release|Any CPU.ActiveCfg = Release|Any CPU
		{A0AD0961-CD3C-44FC-ABC5-88C173F2933E}.Release|Any CPU.Build.0 = Release|Any CPU
	EndGlobalSection
	GlobalSection(SolutionProperties) = preSolution
		HideSolutionNode = FALSE
	EndGlobalSection
EndGlobal
